<?xml version="1.0" encoding="utf-8"?>
<Project ToolsVersion="4.0" xmlns="http://schemas.microsoft.com/developer/msbuild/2003">
  <ItemGroup>
    <Filter Include="Source Files">
      <UniqueIdentifier>{4FC737F1-C7A5-4376-A066-2A32D752A2FF}</UniqueIdentifier>
      <Extensions>cpp;c;cc;cxx;def;odl;idl;hpj;bat;asm;asmx</Extensions>
    </Filter>
    <Filter Include="Header Files">
      <UniqueIdentifier>{93995380-89BD-4b04-88EB-625FBE52EBFB}</UniqueIdentifier>
      <Extensions>h;hh;hpp;hxx;hm;inl;inc;xsd</Extensions>
    </Filter>
    <Filter Include="Resource Files">
      <UniqueIdentifier>{67DA6AB6-F800-4c08-8B7A-83BB121AAD01}</UniqueIdentifier>
      <Extensions>rc;ico;cur;bmp;dlg;rc2;rct;bin;rgs;gif;jpg;jpeg;jpe;resx;tiff;tif;png;wav;mfcribbon-ms</Extensions>
    </Filter>
  </ItemGroup>
  <ItemGroup>
    <ClCompile Include="vision_utils.cpp">
      <Filter>Source Files</Filter>
    </ClCompile>
    <ClCompile Include="gradient_image_stage.cpp">
      <Filter>Source Files</Filter>
    </ClCompile>
    <ClCompile Include="greyscale_conversion_stage.cpp">
      <Filter>Source Files</Filter>
    </ClCompile>
    <ClCompile Include="image_equalisation_stage.cpp">
      <Filter>Source Files</Filter>
    </ClCompile>
    <ClCompile Include="image_histogram_stage.cpp">
      <Filter>Source Files</Filter>
    </ClCompile>
    <ClCompile Include="main.cpp">
      <Filter>Source Files</Filter>
    </ClCompile>
    <ClCompile Include="normalise_image_stage.cpp">
      <Filter>Source Files</Filter>
    </ClCompile>
    <ClCompile Include="numerical.cpp">
      <Filter>Source Files</Filter>
    </ClCompile>
    <ClCompile Include="pipeline.cpp">
      <Filter>Source Files</Filter>
    </ClCompile>
    <ClCompile Include="process_tracks_stage.cpp">
      <Filter>Source Files</Filter>
    </ClCompile>
    <ClCompile Include="resize_image_stage.cpp">
      <Filter>Source Files</Filter>
    </ClCompile>
    <ClCompile Include="smooth_image_stage.cpp">
      <Filter>Source Files</Filter>
    </ClCompile>
    <ClCompile Include="stage.cpp">
      <Filter>Source Files</Filter>
    </ClCompile>
    <ClCompile Include="track_features_stage.cpp">
      <Filter>Source Files</Filter>
    </ClCompile>
    <ClCompile Include="write_tags_stage.cpp">
      <Filter>Source Files</Filter>
    </ClCompile>
    <ClCompile Include="class_region_stage.cpp">
      <Filter>Source Files</Filter>
    </ClCompile>
  </ItemGroup>
  <ItemGroup>
    <ClInclude Include="gradient_image_stage.h">
      <Filter>Header Files</Filter>
    </ClInclude>
    <ClInclude Include="greyscale_conversion_stage.h">
      <Filter>Header Files</Filter>
    </ClInclude>
    <ClInclude Include="image_equalisation_stage.h">
      <Filter>Header Files</Filter>
    </ClInclude>
    <ClInclude Include="image_histogram_stage.h">
      <Filter>Header Files</Filter>
    </ClInclude>
    <ClInclude Include="libdefs.h">
      <Filter>Header Files</Filter>
    </ClInclude>
    <ClInclude Include="normalise_image_stage.h">
      <Filter>Header Files</Filter>
    </ClInclude>
    <ClInclude Include="numerical.h">
      <Filter>Header Files</Filter>
    </ClInclude>
    <ClInclude Include="pipeline.h">
      <Filter>Header Files</Filter>
    </ClInclude>
    <ClInclude Include="process_tracks_stage.h">
      <Filter>Header Files</Filter>
    </ClInclude>
    <ClInclude Include="resize_image_stage.h">
      <Filter>Header Files</Filter>
    </ClInclude>
    <ClInclude Include="smooth_image_stage.h">
      <Filter>Header Files</Filter>
    </ClInclude>
    <ClInclude Include="stage.h">
      <Filter>Header Files</Filter>
    </ClInclude>
    <ClInclude Include="track_features_stage.h">
      <Filter>Header Files</Filter>
    </ClInclude>
    <ClInclude Include="tray.h">
      <Filter>Header Files</Filter>
    </ClInclude>
    <ClInclude Include="vision_utils.h">
      <Filter>Header Files</Filter>
    </ClInclude>
    <ClInclude Include="write_tags_stage.h">
      <Filter>Header Files</Filter>
    </ClInclude>
    <ClInclude Include="class_region_stage.h">
      <Filter>Header Files</Filter>
    </ClInclude>
  </ItemGroup>
</Project>